// !$*UTF8*$!
{
	archiveVersion = 1;
	classes = {
	};
	objectVersion = 50;
	objects = {

/* Begin PBXBuildFile section */
		D0C6C05C220CF6EB00D33A93 /* SummaryView.swift in Sources */ = {isa = PBXBuildFile; fileRef = D0C6C05B220CF6EB00D33A93 /* SummaryView.swift */; };
		D0C6C05E220CFA2300D33A93 /* Color.swift in Sources */ = {isa = PBXBuildFile; fileRef = D0C6C05D220CFA2300D33A93 /* Color.swift */; };
		D0C6C060220D037D00D33A93 /* Shadow.swift in Sources */ = {isa = PBXBuildFile; fileRef = D0C6C05F220D037D00D33A93 /* Shadow.swift */; };
		D0FEF57622094B7500A08446 /* AppDelegate.swift in Sources */ = {isa = PBXBuildFile; fileRef = D0FEF57522094B7400A08446 /* AppDelegate.swift */; };
		D0FEF57822094B7500A08446 /* HomeViewController.swift in Sources */ = {isa = PBXBuildFile; fileRef = D0FEF57722094B7500A08446 /* HomeViewController.swift */; };
		D0FEF57D22094B7600A08446 /* Assets.xcassets in Resources */ = {isa = PBXBuildFile; fileRef = D0FEF57C22094B7600A08446 /* Assets.xcassets */; };
		D0FEF58022094B7600A08446 /* LaunchScreen.storyboard in Resources */ = {isa = PBXBuildFile; fileRef = D0FEF57E22094B7600A08446 /* LaunchScreen.storyboard */; };
/* End PBXBuildFile section */

/* Begin PBXFileReference section */
		D0C6C05B220CF6EB00D33A93 /* SummaryView.swift */ = {isa = PBXFileReference; lastKnownFileType = sourcecode.swift; path = SummaryView.swift; sourceTree = "<group>"; };
		D0C6C05D220CFA2300D33A93 /* Color.swift */ = {isa = PBXFileReference; lastKnownFileType = sourcecode.swift; path = Color.swift; sourceTree = "<group>"; };
		D0C6C05F220D037D00D33A93 /* Shadow.swift */ = {isa = PBXFileReference; lastKnownFileType = sourcecode.swift; path = Shadow.swift; sourceTree = "<group>"; };
		D0FEF57222094B7400A08446 /* BudgetUp.app */ = {isa = PBXFileReference; explicitFileType = wrapper.application; includeInIndex = 0; path = BudgetUp.app; sourceTree = BUILT_PRODUCTS_DIR; };
		D0FEF57522094B7400A08446 /* AppDelegate.swift */ = {isa = PBXFileReference; lastKnownFileType = sourcecode.swift; path = AppDelegate.swift; sourceTree = "<group>"; };
		D0FEF57722094B7500A08446 /* HomeViewController.swift */ = {isa = PBXFileReference; lastKnownFileType = sourcecode.swift; path = HomeViewController.swift; sourceTree = "<group>"; };
		D0FEF57C22094B7600A08446 /* Assets.xcassets */ = {isa = PBXFileReference; lastKnownFileType = folder.assetcatalog; path = Assets.xcassets; sourceTree = "<group>"; };
		D0FEF57F22094B7600A08446 /* Base */ = {isa = PBXFileReference; lastKnownFileType = file.storyboard; name = Base; path = Base.lproj/LaunchScreen.storyboard; sourceTree = "<group>"; };
		D0FEF58122094B7600A08446 /* Info.plist */ = {isa = PBXFileReference; lastKnownFileType = text.plist.xml; path = Info.plist; sourceTree = "<group>"; };
/* End PBXFileReference section */

/* Begin PBXFrameworksBuildPhase section */
		D0FEF56F22094B7400A08446 /* Frameworks */ = {
			isa = PBXFrameworksBuildPhase;
			buildActionMask = 2147483647;
			files = (
			);
			runOnlyForDeploymentPostprocessing = 0;
		};
/* End PBXFrameworksBuildPhase section */

/* Begin PBXGroup section */
		D0FEF56922094B7400A08446 = {
			isa = PBXGroup;
			children = (
				D0FEF57422094B7400A08446 /* BudgetUp */,
				D0FEF57322094B7400A08446 /* Products */,
			);
			sourceTree = "<group>";
		};
		D0FEF57322094B7400A08446 /* Products */ = {
			isa = PBXGroup;
			children = (
				D0FEF57222094B7400A08446 /* BudgetUp.app */,
			);
			name = Products;
			sourceTree = "<group>";
		};
		D0FEF57422094B7400A08446 /* BudgetUp */ = {
			isa = PBXGroup;
			children = (
				D0FEF57522094B7400A08446 /* AppDelegate.swift */,
				D0FEF589220A709C00A08446 /* Controller */,
				D0FEF588220A709800A08446 /* View */,
				D0FEF587220A708A00A08446 /* Model */,
				D0FEF58A220A70B300A08446 /* Supporting Files */,
				D0FEF58122094B7600A08446 /* Info.plist */,
			);
			path = BudgetUp;
			sourceTree = "<group>";
		};
		D0FEF587220A708A00A08446 /* Model */ = {
			isa = PBXGroup;
			children = (
			);
			path = Model;
			sourceTree = "<group>";
		};
		D0FEF588220A709800A08446 /* View */ = {
			isa = PBXGroup;
			children = (
				D0FEF57E22094B7600A08446 /* LaunchScreen.storyboard */,
				D0C6C05B220CF6EB00D33A93 /* SummaryView.swift */,
			);
			path = View;
			sourceTree = "<group>";
		};
		D0FEF589220A709C00A08446 /* Controller */ = {
			isa = PBXGroup;
			children = (
				D0FEF57722094B7500A08446 /* HomeViewController.swift */,
			);
			path = Controller;
			sourceTree = "<group>";
		};
		D0FEF58A220A70B300A08446 /* Supporting Files */ = {
			isa = PBXGroup;
			children = (
				D0FEF57C22094B7600A08446 /* Assets.xcassets */,
				D0C6C05D220CFA2300D33A93 /* Color.swift */,
				D0C6C05F220D037D00D33A93 /* Shadow.swift */,
			);
			path = "Supporting Files";
			sourceTree = "<group>";
		};
/* End PBXGroup section */

/* Begin PBXNativeTarget section */
		D0FEF57122094B7400A08446 /* BudgetUp */ = {
			isa = PBXNativeTarget;
			buildConfigurationList = D0FEF58422094B7600A08446 /* Build configuration list for PBXNativeTarget "BudgetUp" */;
			buildPhases = (
				D0FEF56E22094B7400A08446 /* Sources */,
				D0FEF56F22094B7400A08446 /* Frameworks */,
				D0FEF57022094B7400A08446 /* Resources */,
			);
			buildRules = (
			);
			dependencies = (
			);
			name = BudgetUp;
			productName = BudgetUp;
			productReference = D0FEF57222094B7400A08446 /* BudgetUp.app */;
			productType = "com.apple.product-type.application";
		};
/* End PBXNativeTarget section */

/* Begin PBXProject section */
		D0FEF56A22094B7400A08446 /* Project object */ = {
			isa = PBXProject;
			attributes = {
				LastSwiftUpdateCheck = 1010;
				LastUpgradeCheck = 1010;
				ORGANIZATIONNAME = "Alex Fargo";
				TargetAttributes = {
					D0FEF57122094B7400A08446 = {
						CreatedOnToolsVersion = 10.1;
					};
				};
			};
			buildConfigurationList = D0FEF56D22094B7400A08446 /* Build configuration list for PBXProject "BudgetUp" */;
			compatibilityVersion = "Xcode 9.3";
			developmentRegion = en;
			hasScannedForEncodings = 0;
			knownRegions = (
				en,
				Base,
			);
			mainGroup = D0FEF56922094B7400A08446;
			productRefGroup = D0FEF57322094B7400A08446 /* Products */;
			projectDirPath = "";
			projectRoot = "";
			targets = (
				D0FEF57122094B7400A08446 /* BudgetUp */,
			);
		};
/* End PBXProject section */

/* Begin PBXResourcesBuildPhase section */
		D0FEF57022094B7400A08446 /* Resources */ = {
			isa = PBXResourcesBuildPhase;
			buildActionMask = 2147483647;
			files = (
				D0FEF58022094B7600A08446 /* LaunchScreen.storyboard in Resources */,
				D0FEF57D22094B7600A08446 /* Assets.xcassets in Resources */,
			);
			runOnlyForDeploymentPostprocessing = 0;
		};
/* End PBXResourcesBuildPhase section */

/* Begin PBXSourcesBuildPhase section */
		D0FEF56E22094B7400A08446 /* Sources */ = {
			isa = PBXSourcesBuildPhase;
			buildActionMask = 2147483647;
			files = (
				D0FEF57822094B7500A08446 /* HomeViewController.swift in Sources */,
				D0C6C05E220CFA2300D33A93 /* Color.swift in Sources */,
				D0C6C060220D037D00D33A93 /* Shadow.swift in Sources */,
				D0FEF57622094B7500A08446 /* AppDelegate.swift in Sources */,
				D0C6C05C220CF6EB00D33A93 /* SummaryView.swift in Sources */,
			);
			runOnlyForDeploymentPostprocessing = 0;
		};
/* End PBXSourcesBuildPhase section */

/* Begin PBXVariantGroup section */
		D0FEF57E22094B7600A08446 /* LaunchScreen.storyboard */ = {
			isa = PBXVariantGroup;
			children = (
				D0FEF57F22094B7600A08446 /* Base */,
			);
			name = LaunchScreen.storyboard;
			sourceTree = "<group>";
		};
/* End PBXVariantGroup section */

/* Begin XCBuildConfiguration section */
		D0FEF58222094B7600A08446 /* Debug */ = {
			isa = XCBuildConfiguration;
			buildSettings = {
				ALWAYS_SEARCH_USER_PATHS = NO;
				CLANG_ANALYZER_NONNULL = YES;
				CLANG_ANALYZER_NUMBER_OBJECT_CONVERSION = YES_AGGRESSIVE;
				CLANG_CXX_LANGUAGE_STANDARD = "gnu++14";
				CLANG_CXX_LIBRARY = "libc++";
				CLANG_ENABLE_MODULES = YES;
				CLANG_ENABLE_OBJC_ARC = YES;
				CLANG_ENABLE_OBJC_WEAK = YES;
				CLANG_WARN_BLOCK_CAPTURE_AUTORELEASING = YES;
				CLANG_WARN_BOOL_CONVERSION = YES;
				CLANG_WARN_COMMA = YES;
				CLANG_WARN_CONSTANT_CONVERSION = YES;
				CLANG_WARN_DEPRECATED_OBJC_IMPLEMENTATIONS = YES;
				CLANG_WARN_DIRECT_OBJC_ISA_USAGE = YES_ERROR;
				CLANG_WARN_DOCUMENTATION_COMMENTS = YES;
				CLANG_WARN_EMPTY_BODY = YES;
				CLANG_WARN_ENUM_CONVERSION = YES;
				CLANG_WARN_INFINITE_RECURSION = YES;
				CLANG_WARN_INT_CONVERSION = YES;
				CLANG_WARN_NON_LITERAL_NULL_CONVERSION = YES;
				CLANG_WARN_OBJC_IMPLICIT_RETAIN_SELF = YES;
				CLANG_WARN_OBJC_LITERAL_CONVERSION = YES;
				CLANG_WARN_OBJC_ROOT_CLASS = YES_ERROR;
				CLANG_WARN_RANGE_LOOP_ANALYSIS = YES;
				CLANG_WARN_STRICT_PROTOTYPES = YES;
				CLANG_WARN_SUSPICIOUS_MOVE = YES;
				CLANG_WARN_UNGUARDED_AVAILABILITY = YES_AGGRESSIVE;
				CLANG_WARN_UNREACHABLE_CODE = YES;
				CLANG_WARN__DUPLICATE_METHOD_MATCH = YES;
				CODE_SIGN_IDENTITY = "iPhone Developer";
				COPY_PHASE_STRIP = NO;
				DEBUG_INFORMATION_FORMAT = dwarf;
				ENABLE_STRICT_OBJC_MSGSEND = YES;
				ENABLE_TESTABILITY = YES;
				GCC_C_LANGUAGE_STANDARD = gnu11;
				GCC_DYNAMIC_NO_PIC = NO;
				GCC_NO_COMMON_BLOCKS = YES;
				GCC_OPTIMIZATION_LEVEL = 0;
				GCC_PREPROCESSOR_DEFINITIONS = (
					"DEBUG=1",
					"$(inherited)",
				);
				GCC_WARN_64_TO_32_BIT_CONVERSION = YES;
				GCC_WARN_ABOUT_RETURN_TYPE = YES_ERROR;
				GCC_WARN_UNDECLARED_SELECTOR = YES;
				GCC_WARN_UNINITIALIZED_AUTOS = YES_AGGRESSIVE;
				GCC_WARN_UNUSED_FUNCTION = YES;
				GCC_WARN_UNUSED_VARIABLE = YES;
				IPHONEOS_DEPLOYMENT_TARGET = 12.1;
				MTL_ENABLE_DEBUG_INFO = INCLUDE_SOURCE;
				MTL_FAST_MATH = YES;
				ONLY_ACTIVE_ARCH = YES;
				SDKROOT = iphoneos;
				SWIFT_ACTIVE_COMPILATION_CONDITIONS = DEBUG;
				SWIFT_OPTIMIZATION_LEVEL = "-Onone";
			};
			name = Debug;
		};
		D0FEF58322094B7600A08446 /* Release */ = {
			isa = XCBuildConfiguration;
			buildSettings = {
				ALWAYS_SEARCH_USER_PATHS = NO;
				CLANG_ANALYZER_NONNULL = YES;
				CLANG_ANALYZER_NUMBER_OBJECT_CONVERSION = YES_AGGRESSIVE;
				CLANG_CXX_LANGUAGE_STANDARD = "gnu++14";
				CLANG_CXX_LIBRARY = "libc++";
				CLANG_ENABLE_MODULES = YES;
				CLANG_ENABLE_OBJC_ARC = YES;
				CLANG_ENABLE_OBJC_WEAK = YES;
				CLANG_WARN_BLOCK_CAPTURE_AUTORELEASING = YES;
				CLANG_WARN_BOOL_CONVERSION = YES;
				CLANG_WARN_COMMA = YES;
				CLANG_WARN_CONSTANT_CONVERSION = YES;
				CLANG_WARN_DEPRECATED_OBJC_IMPLEMENTATIONS = YES;
				CLANG_WARN_DIRECT_OBJC_ISA_USAGE = YES_ERROR;
				CLANG_WARN_DOCUMENTATION_COMMENTS = YES;
				CLANG_WARN_EMPTY_BODY = YES;
				CLANG_WARN_ENUM_CONVERSION = YES;
				CLANG_WARN_INFINITE_RECURSION = YES;
				CLANG_WARN_INT_CONVERSION = YES;
				CLANG_WARN_NON_LITERAL_NULL_CONVERSION = YES;
				CLANG_WARN_OBJC_IMPLICIT_RETAIN_SELF = YES;
				CLANG_WARN_OBJC_LITERAL_CONVERSION = YES;
				CLANG_WARN_OBJC_ROOT_CLASS = YES_ERROR;
				CLANG_WARN_RANGE_LOOP_ANALYSIS = YES;
				CLANG_WARN_STRICT_PROTOTYPES = YES;
				CLANG_WARN_SUSPICIOUS_MOVE = YES;
				CLANG_WARN_UNGUARDED_AVAILABILITY = YES_AGGRESSIVE;
				CLANG_WARN_UNREACHABLE_CODE = YES;
				CLANG_WARN__DUPLICATE_METHOD_MATCH = YES;
				CODE_SIGN_IDENTITY = "iPhone Developer";
				COPY_PHASE_STRIP = NO;
				DEBUG_INFORMATION_FORMAT = "dwarf-with-dsym";
				ENABLE_NS_ASSERTIONS = NO;
				ENABLE_STRICT_OBJC_MSGSEND = YES;
				GCC_C_LANGUAGE_STANDARD = gnu11;
				GCC_NO_COMMON_BLOCKS = YES;
				GCC_WARN_64_TO_32_BIT_CONVERSION = YES;
				GCC_WARN_ABOUT_RETURN_TYPE = YES_ERROR;
				GCC_WARN_UNDECLARED_SELECTOR = YES;
				GCC_WARN_UNINITIALIZED_AUTOS = YES_AGGRESSIVE;
				GCC_WARN_UNUSED_FUNCTION = YES;
				GCC_WARN_UNUSED_VARIABLE = YES;
				IPHONEOS_DEPLOYMENT_TARGET = 12.1;
				MTL_ENABLE_DEBUG_INFO = NO;
				MTL_FAST_MATH = YES;
				SDKROOT = iphoneos;
				SWIFT_COMPILATION_MODE = wholemodule;
				SWIFT_OPTIMIZATION_LEVEL = "-O";
				VALIDATE_PRODUCT = YES;
			};
			name = Release;
		};
		D0FEF58522094B7600A08446 /* Debug */ = {
			isa = XCBuildConfiguration;
			buildSettings = {
				ASSETCATALOG_COMPILER_APPICON_NAME = AppIcon;
				CODE_SIGN_STYLE = Automatic;
				DEVELOPMENT_TEAM = AEXVC7BMBG;
				INFOPLIST_FILE = BudgetUp/Info.plist;
				LD_RUNPATH_SEARCH_PATHS = (
					"$(inherited)",
					"@executable_path/Frameworks",
				);
				PRODUCT_BUNDLE_IDENTIFIER = xyz.alexfargo.BudgetUp;
				PRODUCT_NAME = "$(TARGET_NAME)";
				SWIFT_VERSION = 4.2;
				TARGETED_DEVICE_FAMILY = 1;
			};
			name = Debug;
		};
		D0FEF58622094B7600A08446 /* Release */ = {
			isa = XCBuildConfiguration;
			buildSettings = {
				ASSETCATALOG_COMPILER_APPICON_NAME = AppIcon;
				CODE_SIGN_STYLE = Automatic;
				DEVELOPMENT_TEAM = AEXVC7BMBG;
				INFOPLIST_FILE = BudgetUp/Info.plist;
				LD_RUNPATH_SEARCH_PATHS = (
					"$(inherited)",
					"@executable_path/Frameworks",
				);
				PRODUCT_BUNDLE_IDENTIFIER = xyz.alexfargo.BudgetUp;
				PRODUCT_NAME = "$(TARGET_NAME)";
				SWIFT_VERSION = 4.2;
				TARGETED_DEVICE_FAMILY = 1;
			};
			name = Release;
		};
/* End XCBuildConfiguration section */

/* Begin XCConfigurationList section */
		D0FEF56D22094B7400A08446 /* Build configuration list for PBXProject "BudgetUp" */ = {
			isa = XCConfigurationList;
			buildConfigurations = (
				D0FEF58222094B7600A08446 /* Debug */,
				D0FEF58322094B7600A08446 /* Release */,
			);
			defaultConfigurationIsVisible = 0;
			defaultConfigurationName = Release;
		};
		D0FEF58422094B7600A08446 /* Build configuration list for PBXNativeTarget "BudgetUp" */ = {
			isa = XCConfigurationList;
			buildConfigurations = (
				D0FEF58522094B7600A08446 /* Debug */,
				D0FEF58622094B7600A08446 /* Release */,
			);
			defaultConfigurationIsVisible = 0;
			defaultConfigurationName = Release;
		};
/* End XCConfigurationList section */
	};
	rootObject = D0FEF56A22094B7400A08446 /* Project object */;
}
